
Microsoft Visual Studio Solution File, Format Version 12.00
# Visual Studio 15
VisualStudioVersion = 15.0.27703.2042
MinimumVisualStudioVersion = 10.0.40219.1
Project("{8BC9CEB8-8B4A-11D0-8D11-00A0C91BC942}") = "qiniu", "qiniu.vcxproj", "{582D979C-4332-4C75-84E5-B29438B4D700}"
EndProject
Global
	GlobalSection(SolutionConfigurationPlatforms) = preSolution
		Debug|x86 = Debug|x86
		Release|x86 = Release|x86
	EndGlobalSection
	GlobalSection(ProjectConfigurationPlatforms) = postSolution
		{582D979C-4332-4C75-84E5-B29438B4D700}.Debug|x86.ActiveCfg = Debug|Win32
		{582D979C-4332-4C75-84E5-B29438B4D700}.Debug|x86.Build.0 = Debug|Win32
		{582D979C-4332-4C75-84E5-B29438B4D700}.Release|x86.ActiveCfg = Release|Win32
		{582D979C-4332-4C75-84E5-B29438B4D700}.Release|x86.Build.0 = Release|Win32
	EndGlobalSection
	GlobalSection(SolutionProperties) = preSolution
		HideSolutionNode = FALSE
	EndGlobalSection
	GlobalSection(ExtensibilityGlobals) = postSolution
		SolutionGuid = {7CF185D8-E5F2-407A-B300-7127A33830F1}
	EndGlobalSection
EndGlobal
